
Microsoft Visual Studio Solution File, Format Version 12.00
# Visual Studio Version 17
VisualStudioVersion = 17.9.34723.18
MinimumVisualStudioVersion = 10.0.40219.1
Project("{FAE04EC0-301F-11D3-BF4B-00C04F79EFBC}") = "CalculadoraExemplo", "CalculadoraExemplo\CalculadoraExemplo.csproj", "{B9A179B0-1215-47BC-A2AC-0C96C2292951}"
EndProject
Project("{FAE04EC0-301F-11D3-BF4B-00C04F79EFBC}") = "Caculadora.Teste", "CaculadoraTeste\Caculadora.Teste.csproj", "{0C0B6D4A-87BD-4D5F-829F-2B832DCE6DB9}"
EndProject
Global
	GlobalSection(SolutionConfigurationPlatforms) = preSolution
		Debug|Any CPU = Debug|Any CPU
		Release|Any CPU = Release|Any CPU
	EndGlobalSection
	GlobalSection(ProjectConfigurationPlatforms) = postSolution
		{B9A179B0-1215-47BC-A2AC-0C96C2292951}.Debug|Any CPU.ActiveCfg = Debug|Any CPU
		{B9A179B0-1215-47BC-A2AC-0C96C2292951}.Debug|Any CPU.Build.0 = Debug|Any CPU
		{B9A179B0-1215-47BC-A2AC-0C96C2292951}.Release|Any CPU.ActiveCfg = Release|Any CPU
		{B9A179B0-1215-47BC-A2AC-0C96C2292951}.Release|Any CPU.Build.0 = Release|Any CPU
		{0C0B6D4A-87BD-4D5F-829F-2B832DCE6DB9}.Debug|Any CPU.ActiveCfg = Debug|Any CPU
		{0C0B6D4A-87BD-4D5F-829F-2B832DCE6DB9}.Debug|Any CPU.Build.0 = Debug|Any CPU
		{0C0B6D4A-87BD-4D5F-829F-2B832DCE6DB9}.Release|Any CPU.ActiveCfg = Release|Any CPU
		{0C0B6D4A-87BD-4D5F-829F-2B832DCE6DB9}.Release|Any CPU.Build.0 = Release|Any CPU
	EndGlobalSection
	GlobalSection(SolutionProperties) = preSolution
		HideSolutionNode = FALSE
	EndGlobalSection
	GlobalSection(ExtensibilityGlobals) = postSolution
		SolutionGuid = {243EB03E-A420-4EF4-BDD2-505E63977821}
	EndGlobalSection
EndGlobal
